
Microsoft Visual Studio Solution File, Format Version 12.00
# Visual Studio Version 16
VisualStudioVersion = 16.0.30413.136
MinimumVisualStudioVersion = 10.0.40219.1
Project("{FAE04EC0-301F-11D3-BF4B-00C04F79EFBC}") = "Reldurs_Gate", "Reldur's_Gate\Reldurs_Gate.csproj", "{06D5CCF2-4708-4A5C-A4C7-E18C05A1538F}"
EndProject
Global
	GlobalSection(SolutionConfigurationPlatforms) = preSolution
		Debug|Any CPU = Debug|Any CPU
		Release|Any CPU = Release|Any CPU
	EndGlobalSection
	GlobalSection(ProjectConfigurationPlatforms) = postSolution
		{06D5CCF2-4708-4A5C-A4C7-E18C05A1538F}.Debug|Any CPU.ActiveCfg = Debug|Any CPU
		{06D5CCF2-4708-4A5C-A4C7-E18C05A1538F}.Debug|Any CPU.Build.0 = Debug|Any CPU
		{06D5CCF2-4708-4A5C-A4C7-E18C05A1538F}.Release|Any CPU.ActiveCfg = Release|Any CPU
		{06D5CCF2-4708-4A5C-A4C7-E18C05A1538F}.Release|Any CPU.Build.0 = Release|Any CPU
	EndGlobalSection
	GlobalSection(SolutionProperties) = preSolution
		HideSolutionNode = FALSE
	EndGlobalSection
	GlobalSection(ExtensibilityGlobals) = postSolution
		SolutionGuid = {93C23EB6-41CF-45C0-B0BD-832102BE1EA5}
	EndGlobalSection
EndGlobal
